
Microsoft Visual Studio Solution File, Format Version 12.00
# Visual Studio 2012
Project("{FAE04EC0-301F-11D3-BF4B-00C04F79EFBC}") = "Leapy.Arty.Farty", "Leapy.Arty.Farty\Leapy.Arty.Farty.csproj", "{262B644A-2C98-4BF2-8A5D-BC2AF6B3F66E}"
EndProject
Global
	GlobalSection(SolutionConfigurationPlatforms) = preSolution
		Debug|Any CPU = Debug|Any CPU
		Release|Any CPU = Release|Any CPU
	EndGlobalSection
	GlobalSection(ProjectConfigurationPlatforms) = postSolution
		{262B644A-2C98-4BF2-8A5D-BC2AF6B3F66E}.Debug|Any CPU.ActiveCfg = Debug|Any CPU
		{262B644A-2C98-4BF2-8A5D-BC2AF6B3F66E}.Debug|Any CPU.Build.0 = Debug|Any CPU
		{262B644A-2C98-4BF2-8A5D-BC2AF6B3F66E}.Release|Any CPU.ActiveCfg = Release|Any CPU
		{262B644A-2C98-4BF2-8A5D-BC2AF6B3F66E}.Release|Any CPU.Build.0 = Release|Any CPU
	EndGlobalSection
	GlobalSection(SolutionProperties) = preSolution
		HideSolutionNode = FALSE
	EndGlobalSection
EndGlobal
